// !$*UTF8*$!
{
	archiveVersion = 1;
	classes = {
	};
	objectVersion = 51;
	objects = {

/* Begin PBXBuildFile section */
		2760612524FFA3AF0022640E /* AppDelegate.m in Sources */ = {isa = PBXBuildFile; fileRef = 2760612424FFA3AF0022640E /* AppDelegate.m */; };
		2760612824FFA3AF0022640E /* SceneDelegate.m in Sources */ = {isa = PBXBuildFile; fileRef = 2760612724FFA3AF0022640E /* SceneDelegate.m */; };
		2760612B24FFA3AF0022640E /* ViewController.m in Sources */ = {isa = PBXBuildFile; fileRef = 2760612A24FFA3AF0022640E /* ViewController.m */; };
		2760612E24FFA3AF0022640E /* Main.storyboard in Resources */ = {isa = PBXBuildFile; fileRef = 2760612C24FFA3AF0022640E /* Main.storyboard */; };
		2760613024FFA3B10022640E /* Assets.xcassets in Resources */ = {isa = PBXBuildFile; fileRef = 2760612F24FFA3B10022640E /* Assets.xcassets */; };
		2760613324FFA3B10022640E /* LaunchScreen.storyboard in Resources */ = {isa = PBXBuildFile; fileRef = 2760613124FFA3B10022640E /* LaunchScreen.storyboard */; };
		2760613624FFA3B10022640E /* main.m in Sources */ = {isa = PBXBuildFile; fileRef = 2760613524FFA3B10022640E /* main.m */; };
		2760614024FFA3B10022640E /* CollectionFlowLayoutCustomTests.m in Sources */ = {isa = PBXBuildFile; fileRef = 2760613F24FFA3B10022640E /* CollectionFlowLayoutCustomTests.m */; };
		2760614B24FFA3B10022640E /* CollectionFlowLayoutCustomUITests.m in Sources */ = {isa = PBXBuildFile; fileRef = 2760614A24FFA3B10022640E /* CollectionFlowLayoutCustomUITests.m */; };
		2760615C24FFA3D30022640E /* RootCollectionViewCell.m in Sources */ = {isa = PBXBuildFile; fileRef = 2760615824FFA3D20022640E /* RootCollectionViewCell.m */; };
		2760615D24FFA3D30022640E /* RootViewFlowLayout.m in Sources */ = {isa = PBXBuildFile; fileRef = 2760615A24FFA3D30022640E /* RootViewFlowLayout.m */; };
		2792883F25008FE60065BB79 /* DataModel.m in Sources */ = {isa = PBXBuildFile; fileRef = 2792883E25008FE60065BB79 /* DataModel.m */; };
		27928845250093C70065BB79 /* HeaderCollectionReusableView.m in Sources */ = {isa = PBXBuildFile; fileRef = 27928844250093C70065BB79 /* HeaderCollectionReusableView.m */; };
		7CE28BC40513391B29DB61FB /* Pods_CollectionFlowLayoutCustomTests.framework in Frameworks */ = {isa = PBXBuildFile; fileRef = 763314BFA64F6D63F0FDBE6D /* Pods_CollectionFlowLayoutCustomTests.framework */; };
		92AFD59AB88D1742987E3B82 /* Pods_CollectionFlowLayoutCustom_CollectionFlowLayoutCustomUITests.framework in Frameworks */ = {isa = PBXBuildFile; fileRef = DF48057C14F9A9E6FA07FC87 /* Pods_CollectionFlowLayoutCustom_CollectionFlowLayoutCustomUITests.framework */; };
		CA4865B12F599254C6F62A86 /* Pods_CollectionFlowLayoutCustom.framework in Frameworks */ = {isa = PBXBuildFile; fileRef = 7248B61DE7C08806231DAC7E /* Pods_CollectionFlowLayoutCustom.framework */; };
/* End PBXBuildFile section */

/* Begin PBXContainerItemProxy section */
		2760613C24FFA3B10022640E /* PBXContainerItemProxy */ = {
			isa = PBXContainerItemProxy;
			containerPortal = 2760611824FFA3AF0022640E /* Project object */;
			proxyType = 1;
			remoteGlobalIDString = 2760611F24FFA3AF0022640E;
			remoteInfo = CollectionFlowLayoutCustom;
		};
		2760614724FFA3B10022640E /* PBXContainerItemProxy */ = {
			isa = PBXContainerItemProxy;
			containerPortal = 2760611824FFA3AF0022640E /* Project object */;
			proxyType = 1;
			remoteGlobalIDString = 2760611F24FFA3AF0022640E;
			remoteInfo = CollectionFlowLayoutCustom;
		};
/* End PBXContainerItemProxy section */

/* Begin PBXFileReference section */
		01FED615A60A13877E02643F /* Pods-CollectionFlowLayoutCustomTests.debug.xcconfig */ = {isa = PBXFileReference; includeInIndex = 1; lastKnownFileType = text.xcconfig; name = "Pods-CollectionFlowLayoutCustomTests.debug.xcconfig"; path = "Target Support Files/Pods-CollectionFlowLayoutCustomTests/Pods-CollectionFlowLayoutCustomTests.debug.xcconfig"; sourceTree = "<group>"; };
		06259077C8CA0741BE0F1778 /* Pods-CollectionFlowLayoutCustomTests.release.xcconfig */ = {isa = PBXFileReference; includeInIndex = 1; lastKnownFileType = text.xcconfig; name = "Pods-CollectionFlowLayoutCustomTests.release.xcconfig"; path = "Target Support Files/Pods-CollectionFlowLayoutCustomTests/Pods-CollectionFlowLayoutCustomTests.release.xcconfig"; sourceTree = "<group>"; };
		2760612024FFA3AF0022640E /* CollectionFlowLayoutCustom.app */ = {isa = PBXFileReference; explicitFileType = wrapper.application; includeInIndex = 0; path = CollectionFlowLayoutCustom.app; sourceTree = BUILT_PRODUCTS_DIR; };
		2760612324FFA3AF0022640E /* AppDelegate.h */ = {isa = PBXFileReference; lastKnownFileType = sourcecode.c.h; path = AppDelegate.h; sourceTree = "<group>"; };
		2760612424FFA3AF0022640E /* AppDelegate.m */ = {isa = PBXFileReference; lastKnownFileType = sourcecode.c.objc; path = AppDelegate.m; sourceTree = "<group>"; };
		2760612624FFA3AF0022640E /* SceneDelegate.h */ = {isa = PBXFileReference; lastKnownFileType = sourcecode.c.h; path = SceneDelegate.h; sourceTree = "<group>"; };
		2760612724FFA3AF0022640E /* SceneDelegate.m */ = {isa = PBXFileReference; lastKnownFileType = sourcecode.c.objc; path = SceneDelegate.m; sourceTree = "<group>"; };
		2760612924FFA3AF0022640E /* ViewController.h */ = {isa = PBXFileReference; lastKnownFileType = sourcecode.c.h; path = ViewController.h; sourceTree = "<group>"; };
		2760612A24FFA3AF0022640E /* ViewController.m */ = {isa = PBXFileReference; lastKnownFileType = sourcecode.c.objc; path = ViewController.m; sourceTree = "<group>"; };
		2760612D24FFA3AF0022640E /* Base */ = {isa = PBXFileReference; lastKnownFileType = file.storyboard; name = Base; path = Base.lproj/Main.storyboard; sourceTree = "<group>"; };
		2760612F24FFA3B10022640E /* Assets.xcassets */ = {isa = PBXFileReference; lastKnownFileType = folder.assetcatalog; path = Assets.xcassets; sourceTree = "<group>"; };
		2760613224FFA3B10022640E /* Base */ = {isa = PBXFileReference; lastKnownFileType = file.storyboard; name = Base; path = Base.lproj/LaunchScreen.storyboard; sourceTree = "<group>"; };
		2760613424FFA3B10022640E /* Info.plist */ = {isa = PBXFileReference; lastKnownFileType = text.plist.xml; path = Info.plist; sourceTree = "<group>"; };
		2760613524FFA3B10022640E /* main.m */ = {isa = PBXFileReference; lastKnownFileType = sourcecode.c.objc; path = main.m; sourceTree = "<group>"; };
		2760613B24FFA3B10022640E /* CollectionFlowLayoutCustomTests.xctest */ = {isa = PBXFileReference; explicitFileType = wrapper.cfbundle; includeInIndex = 0; path = CollectionFlowLayoutCustomTests.xctest; sourceTree = BUILT_PRODUCTS_DIR; };
		2760613F24FFA3B10022640E /* CollectionFlowLayoutCustomTests.m */ = {isa = PBXFileReference; lastKnownFileType = sourcecode.c.objc; path = CollectionFlowLayoutCustomTests.m; sourceTree = "<group>"; };
		2760614124FFA3B10022640E /* Info.plist */ = {isa = PBXFileReference; lastKnownFileType = text.plist.xml; path = Info.plist; sourceTree = "<group>"; };
		2760614624FFA3B10022640E /* CollectionFlowLayoutCustomUITests.xctest */ = {isa = PBXFileReference; explicitFileType = wrapper.cfbundle; includeInIndex = 0; path = CollectionFlowLayoutCustomUITests.xctest; sourceTree = BUILT_PRODUCTS_DIR; };
		2760614A24FFA3B10022640E /* CollectionFlowLayoutCustomUITests.m */ = {isa = PBXFileReference; lastKnownFileType = sourcecode.c.objc; path = CollectionFlowLayoutCustomUITests.m; sourceTree = "<group>"; };
		2760614C24FFA3B10022640E /* Info.plist */ = {isa = PBXFileReference; lastKnownFileType = text.plist.xml; path = Info.plist; sourceTree = "<group>"; };
		2760615824FFA3D20022640E /* RootCollectionViewCell.m */ = {isa = PBXFileReference; fileEncoding = 4; lastKnownFileType = sourcecode.c.objc; path = RootCollectionViewCell.m; sourceTree = "<group>"; };
		2760615924FFA3D30022640E /* RootCollectionViewCell.h */ = {isa = PBXFileReference; fileEncoding = 4; lastKnownFileType = sourcecode.c.h; path = RootCollectionViewCell.h; sourceTree = "<group>"; };
		2760615A24FFA3D30022640E /* RootViewFlowLayout.m */ = {isa = PBXFileReference; fileEncoding = 4; lastKnownFileType = sourcecode.c.objc; path = RootViewFlowLayout.m; sourceTree = "<group>"; };
		2760615B24FFA3D30022640E /* RootViewFlowLayout.h */ = {isa = PBXFileReference; fileEncoding = 4; lastKnownFileType = sourcecode.c.h; path = RootViewFlowLayout.h; sourceTree = "<group>"; };
		2792883C25008B970065BB79 /* PrefixHeader.pch */ = {isa = PBXFileReference; lastKnownFileType = sourcecode.c.h; path = PrefixHeader.pch; sourceTree = "<group>"; };
		2792883D25008FE60065BB79 /* DataModel.h */ = {isa = PBXFileReference; lastKnownFileType = sourcecode.c.h; path = DataModel.h; sourceTree = "<group>"; };
		2792883E25008FE60065BB79 /* DataModel.m */ = {isa = PBXFileReference; lastKnownFileType = sourcecode.c.objc; path = DataModel.m; sourceTree = "<group>"; };
		27928843250093C70065BB79 /* HeaderCollectionReusableView.h */ = {isa = PBXFileReference; lastKnownFileType = sourcecode.c.h; path = HeaderCollectionReusableView.h; sourceTree = "<group>"; };
		27928844250093C70065BB79 /* HeaderCollectionReusableView.m */ = {isa = PBXFileReference; lastKnownFileType = sourcecode.c.objc; path = HeaderCollectionReusableView.m; sourceTree = "<group>"; };
		3E656DFBD41DB4C05F27A377 /* Pods-CollectionFlowLayoutCustom-CollectionFlowLayoutCustomUITests.release.xcconfig */ = {isa = PBXFileReference; includeInIndex = 1; lastKnownFileType = text.xcconfig; name = "Pods-CollectionFlowLayoutCustom-CollectionFlowLayoutCustomUITests.release.xcconfig"; path = "Target Support Files/Pods-CollectionFlowLayoutCustom-CollectionFlowLayoutCustomUITests/Pods-CollectionFlowLayoutCustom-CollectionFlowLayoutCustomUITests.release.xcconfig"; sourceTree = "<group>"; };
		526CBA8E49729FFF88EF528D /* Pods-CollectionFlowLayoutCustom-CollectionFlowLayoutCustomUITests.debug.xcconfig */ = {isa = PBXFileReference; includeInIndex = 1; lastKnownFileType = text.xcconfig; name = "Pods-CollectionFlowLayoutCustom-CollectionFlowLayoutCustomUITests.debug.xcconfig"; path = "Target Support Files/Pods-CollectionFlowLayoutCustom-CollectionFlowLayoutCustomUITests/Pods-CollectionFlowLayoutCustom-CollectionFlowLayoutCustomUITests.debug.xcconfig"; sourceTree = "<group>"; };
		5BABE10AE0C726ED43F83117 /* Pods-CollectionFlowLayoutCustom.release.xcconfig */ = {isa = PBXFileReference; includeInIndex = 1; lastKnownFileType = text.xcconfig; name = "Pods-CollectionFlowLayoutCustom.release.xcconfig"; path = "Target Support Files/Pods-CollectionFlowLayoutCustom/Pods-CollectionFlowLayoutCustom.release.xcconfig"; sourceTree = "<group>"; };
		70983EB3F7E31B4DCE97CF30 /* Pods-CollectionFlowLayoutCustom.debug.xcconfig */ = {isa = PBXFileReference; includeInIndex = 1; lastKnownFileType = text.xcconfig; name = "Pods-CollectionFlowLayoutCustom.debug.xcconfig"; path = "Target Support Files/Pods-CollectionFlowLayoutCustom/Pods-CollectionFlowLayoutCustom.debug.xcconfig"; sourceTree = "<group>"; };
		7248B61DE7C08806231DAC7E /* Pods_CollectionFlowLayoutCustom.framework */ = {isa = PBXFileReference; explicitFileType = wrapper.framework; includeInIndex = 0; path = Pods_CollectionFlowLayoutCustom.framework; sourceTree = BUILT_PRODUCTS_DIR; };
		763314BFA64F6D63F0FDBE6D /* Pods_CollectionFlowLayoutCustomTests.framework */ = {isa = PBXFileReference; explicitFileType = wrapper.framework; includeInIndex = 0; path = Pods_CollectionFlowLayoutCustomTests.framework; sourceTree = BUILT_PRODUCTS_DIR; };
		DF48057C14F9A9E6FA07FC87 /* Pods_CollectionFlowLayoutCustom_CollectionFlowLayoutCustomUITests.framework */ = {isa = PBXFileReference; explicitFileType = wrapper.framework; includeInIndex = 0; path = Pods_CollectionFlowLayoutCustom_CollectionFlowLayoutCustomUITests.framework; sourceTree = BUILT_PRODUCTS_DIR; };
/* End PBXFileReference section */

/* Begin PBXFrameworksBuildPhase section */
		2760611D24FFA3AF0022640E /* Frameworks */ = {
			isa = PBXFrameworksBuildPhase;
			buildActionMask = 2147483647;
			files = (
				CA4865B12F599254C6F62A86 /* Pods_CollectionFlowLayoutCustom.framework in Frameworks */,
			);
			runOnlyForDeploymentPostprocessing = 0;
		};
		2760613824FFA3B10022640E /* Frameworks */ = {
			isa = PBXFrameworksBuildPhase;
			buildActionMask = 2147483647;
			files = (
				7CE28BC40513391B29DB61FB /* Pods_CollectionFlowLayoutCustomTests.framework in Frameworks */,
			);
			runOnlyForDeploymentPostprocessing = 0;
		};
		2760614324FFA3B10022640E /* Frameworks */ = {
			isa = PBXFrameworksBuildPhase;
			buildActionMask = 2147483647;
			files = (
				92AFD59AB88D1742987E3B82 /* Pods_CollectionFlowLayoutCustom_CollectionFlowLayoutCustomUITests.framework in Frameworks */,
			);
			runOnlyForDeploymentPostprocessing = 0;
		};
/* End PBXFrameworksBuildPhase section */

/* Begin PBXGroup section */
		0D0794DAE0504C475A62D3C4 /* Frameworks */ = {
			isa = PBXGroup;
			children = (
				7248B61DE7C08806231DAC7E /* Pods_CollectionFlowLayoutCustom.framework */,
				DF48057C14F9A9E6FA07FC87 /* Pods_CollectionFlowLayoutCustom_CollectionFlowLayoutCustomUITests.framework */,
				763314BFA64F6D63F0FDBE6D /* Pods_CollectionFlowLayoutCustomTests.framework */,
			);
			name = Frameworks;
			sourceTree = "<group>";
		};
		2760611724FFA3AF0022640E = {
			isa = PBXGroup;
			children = (
				2760612224FFA3AF0022640E /* CollectionFlowLayoutCustom */,
				2760613E24FFA3B10022640E /* CollectionFlowLayoutCustomTests */,
				2760614924FFA3B10022640E /* CollectionFlowLayoutCustomUITests */,
				2760612124FFA3AF0022640E /* Products */,
				D10C9FF5D6914D5497347700 /* Pods */,
				0D0794DAE0504C475A62D3C4 /* Frameworks */,
			);
			sourceTree = "<group>";
		};
		2760612124FFA3AF0022640E /* Products */ = {
			isa = PBXGroup;
			children = (
				2760612024FFA3AF0022640E /* CollectionFlowLayoutCustom.app */,
				2760613B24FFA3B10022640E /* CollectionFlowLayoutCustomTests.xctest */,
				2760614624FFA3B10022640E /* CollectionFlowLayoutCustomUITests.xctest */,
			);
			name = Products;
			sourceTree = "<group>";
		};
		2760612224FFA3AF0022640E /* CollectionFlowLayoutCustom */ = {
			isa = PBXGroup;
			children = (
				2792883B25008B7B0065BB79 /* Supporting Files */,
				2760612324FFA3AF0022640E /* AppDelegate.h */,
				2760612424FFA3AF0022640E /* AppDelegate.m */,
				2760612624FFA3AF0022640E /* SceneDelegate.h */,
				2760612724FFA3AF0022640E /* SceneDelegate.m */,
				2760612924FFA3AF0022640E /* ViewController.h */,
				2760612A24FFA3AF0022640E /* ViewController.m */,
				2760615924FFA3D30022640E /* RootCollectionViewCell.h */,
				2760615824FFA3D20022640E /* RootCollectionViewCell.m */,
				2792883D25008FE60065BB79 /* DataModel.h */,
				2792883E25008FE60065BB79 /* DataModel.m */,
				2760615B24FFA3D30022640E /* RootViewFlowLayout.h */,
				2760615A24FFA3D30022640E /* RootViewFlowLayout.m */,
				27928843250093C70065BB79 /* HeaderCollectionReusableView.h */,
				27928844250093C70065BB79 /* HeaderCollectionReusableView.m */,
				2760612C24FFA3AF0022640E /* Main.storyboard */,
				2760612F24FFA3B10022640E /* Assets.xcassets */,
				2760613124FFA3B10022640E /* LaunchScreen.storyboard */,
				2760613424FFA3B10022640E /* Info.plist */,
				2760613524FFA3B10022640E /* main.m */,
			);
			path = CollectionFlowLayoutCustom;
			sourceTree = "<group>";
		};
		2760613E24FFA3B10022640E /* CollectionFlowLayoutCustomTests */ = {
			isa = PBXGroup;
			children = (
				2760613F24FFA3B10022640E /* CollectionFlowLayoutCustomTests.m */,
				2760614124FFA3B10022640E /* Info.plist */,
			);
			path = CollectionFlowLayoutCustomTests;
			sourceTree = "<group>";
		};
		2760614924FFA3B10022640E /* CollectionFlowLayoutCustomUITests */ = {
			isa = PBXGroup;
			children = (
				2760614A24FFA3B10022640E /* CollectionFlowLayoutCustomUITests.m */,
				2760614C24FFA3B10022640E /* Info.plist */,
			);
			path = CollectionFlowLayoutCustomUITests;
			sourceTree = "<group>";
		};
		2792883B25008B7B0065BB79 /* Supporting Files */ = {
			isa = PBXGroup;
			children = (
				2792883C25008B970065BB79 /* PrefixHeader.pch */,
			);
			path = "Supporting Files";
			sourceTree = "<group>";
		};
		D10C9FF5D6914D5497347700 /* Pods */ = {
			isa = PBXGroup;
			children = (
				70983EB3F7E31B4DCE97CF30 /* Pods-CollectionFlowLayoutCustom.debug.xcconfig */,
				5BABE10AE0C726ED43F83117 /* Pods-CollectionFlowLayoutCustom.release.xcconfig */,
				526CBA8E49729FFF88EF528D /* Pods-CollectionFlowLayoutCustom-CollectionFlowLayoutCustomUITests.debug.xcconfig */,
				3E656DFBD41DB4C05F27A377 /* Pods-CollectionFlowLayoutCustom-CollectionFlowLayoutCustomUITests.release.xcconfig */,
				01FED615A60A13877E02643F /* Pods-CollectionFlowLayoutCustomTests.debug.xcconfig */,
				06259077C8CA0741BE0F1778 /* Pods-CollectionFlowLayoutCustomTests.release.xcconfig */,
			);
			path = Pods;
			sourceTree = "<group>";
		};
/* End PBXGroup section */

/* Begin PBXNativeTarget section */
		2760611F24FFA3AF0022640E /* CollectionFlowLayoutCustom */ = {
			isa = PBXNativeTarget;
			buildConfigurationList = 2760614F24FFA3B10022640E /* Build configuration list for PBXNativeTarget "CollectionFlowLayoutCustom" */;
			buildPhases = (
				202EB62984595E74D261895E /* [CP] Check Pods Manifest.lock */,
				2760611C24FFA3AF0022640E /* Sources */,
				2760611D24FFA3AF0022640E /* Frameworks */,
				2760611E24FFA3AF0022640E /* Resources */,
				1087338BB5A73EBC88BCE77E /* [CP] Embed Pods Frameworks */,
			);
			buildRules = (
			);
			dependencies = (
			);
			name = CollectionFlowLayoutCustom;
			productName = CollectionFlowLayoutCustom;
			productReference = 2760612024FFA3AF0022640E /* CollectionFlowLayoutCustom.app */;
			productType = "com.apple.product-type.application";
		};
		2760613A24FFA3B10022640E /* CollectionFlowLayoutCustomTests */ = {
			isa = PBXNativeTarget;
			buildConfigurationList = 2760615224FFA3B10022640E /* Build configuration list for PBXNativeTarget "CollectionFlowLayoutCustomTests" */;
			buildPhases = (
				5EEC233099E6E245D02551CA /* [CP] Check Pods Manifest.lock */,
				2760613724FFA3B10022640E /* Sources */,
				2760613824FFA3B10022640E /* Frameworks */,
				2760613924FFA3B10022640E /* Resources */,
			);
			buildRules = (
			);
			dependencies = (
				2760613D24FFA3B10022640E /* PBXTargetDependency */,
			);
			name = CollectionFlowLayoutCustomTests;
			productName = CollectionFlowLayoutCustomTests;
			productReference = 2760613B24FFA3B10022640E /* CollectionFlowLayoutCustomTests.xctest */;
			productType = "com.apple.product-type.bundle.unit-test";
		};
		2760614524FFA3B10022640E /* CollectionFlowLayoutCustomUITests */ = {
			isa = PBXNativeTarget;
			buildConfigurationList = 2760615524FFA3B10022640E /* Build configuration list for PBXNativeTarget "CollectionFlowLayoutCustomUITests" */;
			buildPhases = (
				878B6D790301E9ECFC9AA7CF /* [CP] Check Pods Manifest.lock */,
				2760614224FFA3B10022640E /* Sources */,
				2760614324FFA3B10022640E /* Frameworks */,
				2760614424FFA3B10022640E /* Resources */,
				D1E48DF25D5EB3A8EC872504 /* [CP] Embed Pods Frameworks */,
			);
			buildRules = (
			);
			dependencies = (
				2760614824FFA3B10022640E /* PBXTargetDependency */,
			);
			name = CollectionFlowLayoutCustomUITests;
			productName = CollectionFlowLayoutCustomUITests;
			productReference = 2760614624FFA3B10022640E /* CollectionFlowLayoutCustomUITests.xctest */;
			productType = "com.apple.product-type.bundle.ui-testing";
		};
/* End PBXNativeTarget section */

/* Begin PBXProject section */
		2760611824FFA3AF0022640E /* Project object */ = {
			isa = PBXProject;
			attributes = {
				LastUpgradeCheck = 1160;
				ORGANIZATIONNAME = huangxin;
				TargetAttributes = {
					2760611F24FFA3AF0022640E = {
						CreatedOnToolsVersion = 11.6;
					};
					2760613A24FFA3B10022640E = {
						CreatedOnToolsVersion = 11.6;
						TestTargetID = 2760611F24FFA3AF0022640E;
					};
					2760614524FFA3B10022640E = {
						CreatedOnToolsVersion = 11.6;
						TestTargetID = 2760611F24FFA3AF0022640E;
					};
				};
			};
			buildConfigurationList = 2760611B24FFA3AF0022640E /* Build configuration list for PBXProject "CollectionFlowLayoutCustom" */;
			compatibilityVersion = "Xcode 9.3";
			developmentRegion = en;
			hasScannedForEncodings = 0;
			knownRegions = (
				en,
				Base,
			);
			mainGroup = 2760611724FFA3AF0022640E;
			productRefGroup = 2760612124FFA3AF0022640E /* Products */;
			projectDirPath = "";
			projectRoot = "";
			targets = (
				2760611F24FFA3AF0022640E /* CollectionFlowLayoutCustom */,
				2760613A24FFA3B10022640E /* CollectionFlowLayoutCustomTests */,
				2760614524FFA3B10022640E /* CollectionFlowLayoutCustomUITests */,
			);
		};
/* End PBXProject section */

/* Begin PBXResourcesBuildPhase section */
		2760611E24FFA3AF0022640E /* Resources */ = {
			isa = PBXResourcesBuildPhase;
			buildActionMask = 2147483647;
			files = (
				2760613324FFA3B10022640E /* LaunchScreen.storyboard in Resources */,
				2760613024FFA3B10022640E /* Assets.xcassets in Resources */,
				2760612E24FFA3AF0022640E /* Main.storyboard in Resources */,
			);
			runOnlyForDeploymentPostprocessing = 0;
		};
		2760613924FFA3B10022640E /* Resources */ = {
			isa = PBXResourcesBuildPhase;
			buildActionMask = 2147483647;
			files = (
			);
			runOnlyForDeploymentPostprocessing = 0;
		};
		2760614424FFA3B10022640E /* Resources */ = {
			isa = PBXResourcesBuildPhase;
			buildActionMask = 2147483647;
			files = (
			);
			runOnlyForDeploymentPostprocessing = 0;
		};
/* End PBXResourcesBuildPhase section */

/* Begin PBXShellScriptBuildPhase section */
		1087338BB5A73EBC88BCE77E /* [CP] Embed Pods Frameworks */ = {
			isa = PBXShellScriptBuildPhase;
			buildActionMask = 2147483647;
			files = (
			);
			inputFileListPaths = (
				"${PODS_ROOT}/Target Support Files/Pods-CollectionFlowLayoutCustom/Pods-CollectionFlowLayoutCustom-frameworks-${CONFIGURATION}-input-files.xcfilelist",
			);
			name = "[CP] Embed Pods Frameworks";
			outputFileListPaths = (
				"${PODS_ROOT}/Target Support Files/Pods-CollectionFlowLayoutCustom/Pods-CollectionFlowLayoutCustom-frameworks-${CONFIGURATION}-output-files.xcfilelist",
			);
			runOnlyForDeploymentPostprocessing = 0;
			shellPath = /bin/sh;
			shellScript = "\"${PODS_ROOT}/Target Support Files/Pods-CollectionFlowLayoutCustom/Pods-CollectionFlowLayoutCustom-frameworks.sh\"\n";
			showEnvVarsInLog = 0;
		};
		202EB62984595E74D261895E /* [CP] Check Pods Manifest.lock */ = {
			isa = PBXShellScriptBuildPhase;
			buildActionMask = 2147483647;
			files = (
			);
			inputFileListPaths = (
			);
			inputPaths = (
				"${PODS_PODFILE_DIR_PATH}/Podfile.lock",
				"${PODS_ROOT}/Manifest.lock",
			);
			name = "[CP] Check Pods Manifest.lock";
			outputFileListPaths = (
			);
			outputPaths = (
				"$(DERIVED_FILE_DIR)/Pods-CollectionFlowLayoutCustom-checkManifestLockResult.txt",
			);
			runOnlyForDeploymentPostprocessing = 0;
			shellPath = /bin/sh;
			shellScript = "diff \"${PODS_PODFILE_DIR_PATH}/Podfile.lock\" \"${PODS_ROOT}/Manifest.lock\" > /dev/null\nif [ $? != 0 ] ; then\n    # print error to STDERR\n    echo \"error: The sandbox is not in sync with the Podfile.lock. Run 'pod install' or update your CocoaPods installation.\" >&2\n    exit 1\nfi\n# This output is used by Xcode 'outputs' to avoid re-running this script phase.\necho \"SUCCESS\" > \"${SCRIPT_OUTPUT_FILE_0}\"\n";
			showEnvVarsInLog = 0;
		};
		5EEC233099E6E245D02551CA /* [CP] Check Pods Manifest.lock */ = {
			isa = PBXShellScriptBuildPhase;
			buildActionMask = 2147483647;
			files = (
			);
			inputFileListPaths = (
			);
			inputPaths = (
				"${PODS_PODFILE_DIR_PATH}/Podfile.lock",
				"${PODS_ROOT}/Manifest.lock",
			);
			name = "[CP] Check Pods Manifest.lock";
			outputFileListPaths = (
			);
			outputPaths = (
				"$(DERIVED_FILE_DIR)/Pods-CollectionFlowLayoutCustomTests-checkManifestLockResult.txt",
			);
			runOnlyForDeploymentPostprocessing = 0;
			shellPath = /bin/sh;
			shellScript = "diff \"${PODS_PODFILE_DIR_PATH}/Podfile.lock\" \"${PODS_ROOT}/Manifest.lock\" > /dev/null\nif [ $? != 0 ] ; then\n    # print error to STDERR\n    echo \"error: The sandbox is not in sync with the Podfile.lock. Run 'pod install' or update your CocoaPods installation.\" >&2\n    exit 1\nfi\n# This output is used by Xcode 'outputs' to avoid re-running this script phase.\necho \"SUCCESS\" > \"${SCRIPT_OUTPUT_FILE_0}\"\n";
			showEnvVarsInLog = 0;
		};
		878B6D790301E9ECFC9AA7CF /* [CP] Check Pods Manifest.lock */ = {
			isa = PBXShellScriptBuildPhase;
			buildActionMask = 2147483647;
			files = (
			);
			inputFileListPaths = (
			);
			inputPaths = (
				"${PODS_PODFILE_DIR_PATH}/Podfile.lock",
				"${PODS_ROOT}/Manifest.lock",
			);
			name = "[CP] Check Pods Manifest.lock";
			outputFileListPaths = (
			);
			outputPaths = (
				"$(DERIVED_FILE_DIR)/Pods-CollectionFlowLayoutCustom-CollectionFlowLayoutCustomUITests-checkManifestLockResult.txt",
			);
			runOnlyForDeploymentPostprocessing = 0;
			shellPath = /bin/sh;
			shellScript = "diff \"${PODS_PODFILE_DIR_PATH}/Podfile.lock\" \"${PODS_ROOT}/Manifest.lock\" > /dev/null\nif [ $? != 0 ] ; then\n    # print error to STDERR\n    echo \"error: The sandbox is not in sync with the Podfile.lock. Run 'pod install' or update your CocoaPods installation.\" >&2\n    exit 1\nfi\n# This output is used by Xcode 'outputs' to avoid re-running this script phase.\necho \"SUCCESS\" > \"${SCRIPT_OUTPUT_FILE_0}\"\n";
			showEnvVarsInLog = 0;
		};
		D1E48DF25D5EB3A8EC872504 /* [CP] Embed Pods Frameworks */ = {
			isa = PBXShellScriptBuildPhase;
			buildActionMask = 2147483647;
			files = (
			);
			inputFileListPaths = (
				"${PODS_ROOT}/Target Support Files/Pods-CollectionFlowLayoutCustom-CollectionFlowLayoutCustomUITests/Pods-CollectionFlowLayoutCustom-CollectionFlowLayoutCustomUITests-frameworks-${CONFIGURATION}-input-files.xcfilelist",
			);
			name = "[CP] Embed Pods Frameworks";
			outputFileListPaths = (
				"${PODS_ROOT}/Target Support Files/Pods-CollectionFlowLayoutCustom-CollectionFlowLayoutCustomUITests/Pods-CollectionFlowLayoutCustom-CollectionFlowLayoutCustomUITests-frameworks-${CONFIGURATION}-output-files.xcfilelist",
			);
			runOnlyForDeploymentPostprocessing = 0;
			shellPath = /bin/sh;
			shellScript = "\"${PODS_ROOT}/Target Support Files/Pods-CollectionFlowLayoutCustom-CollectionFlowLayoutCustomUITests/Pods-CollectionFlowLayoutCustom-CollectionFlowLayoutCustomUITests-frameworks.sh\"\n";
			showEnvVarsInLog = 0;
		};
/* End PBXShellScriptBuildPhase section */

/* Begin PBXSourcesBuildPhase section */
		2760611C24FFA3AF0022640E /* Sources */ = {
			isa = PBXSourcesBuildPhase;
			buildActionMask = 2147483647;
			files = (
				2760612B24FFA3AF0022640E /* ViewController.m in Sources */,
				2760612524FFA3AF0022640E /* AppDelegate.m in Sources */,
				2760615D24FFA3D30022640E /* RootViewFlowLayout.m in Sources */,
				2760613624FFA3B10022640E /* main.m in Sources */,
				27928845250093C70065BB79 /* HeaderCollectionReusableView.m in Sources */,
				2792883F25008FE60065BB79 /* DataModel.m in Sources */,
				2760615C24FFA3D30022640E /* RootCollectionViewCell.m in Sources */,
				2760612824FFA3AF0022640E /* SceneDelegate.m in Sources */,
			);
			runOnlyForDeploymentPostprocessing = 0;
		};
		2760613724FFA3B10022640E /* Sources */ = {
			isa = PBXSourcesBuildPhase;
			buildActionMask = 2147483647;
			files = (
				2760614024FFA3B10022640E /* CollectionFlowLayoutCustomTests.m in Sources */,
			);
			runOnlyForDeploymentPostprocessing = 0;
		};
		2760614224FFA3B10022640E /* Sources */ = {
			isa = PBXSourcesBuildPhase;
			buildActionMask = 2147483647;
			files = (
				2760614B24FFA3B10022640E /* CollectionFlowLayoutCustomUITests.m in Sources */,
			);
			runOnlyForDeploymentPostprocessing = 0;
		};
/* End PBXSourcesBuildPhase section */

/* Begin PBXTargetDependency section */
		2760613D24FFA3B10022640E /* PBXTargetDependency */ = {
			isa = PBXTargetDependency;
			target = 2760611F24FFA3AF0022640E /* CollectionFlowLayoutCustom */;
			targetProxy = 2760613C24FFA3B10022640E /* PBXContainerItemProxy */;
		};
		2760614824FFA3B10022640E /* PBXTargetDependency */ = {
			isa = PBXTargetDependency;
			target = 2760611F24FFA3AF0022640E /* CollectionFlowLayoutCustom */;
			targetProxy = 2760614724FFA3B10022640E /* PBXContainerItemProxy */;
		};
/* End PBXTargetDependency section */

/* Begin PBXVariantGroup section */
		2760612C24FFA3AF0022640E /* Main.storyboard */ = {
			isa = PBXVariantGroup;
			children = (
				2760612D24FFA3AF0022640E /* Base */,
			);
			name = Main.storyboard;
			sourceTree = "<group>";
		};
		2760613124FFA3B10022640E /* LaunchScreen.storyboard */ = {
			isa = PBXVariantGroup;
			children = (
				2760613224FFA3B10022640E /* Base */,
			);
			name = LaunchScreen.storyboard;
			sourceTree = "<group>";
		};
/* End PBXVariantGroup section */

/* Begin XCBuildConfiguration section */
		2760614D24FFA3B10022640E /* Debug */ = {
			isa = XCBuildConfiguration;
			buildSettings = {
				ALWAYS_SEARCH_USER_PATHS = NO;
				CLANG_ANALYZER_NONNULL = YES;
				CLANG_ANALYZER_NUMBER_OBJECT_CONVERSION = YES_AGGRESSIVE;
				CLANG_CXX_LANGUAGE_STANDARD = "gnu++14";
				CLANG_CXX_LIBRARY = "libc++";
				CLANG_ENABLE_MODULES = YES;
				CLANG_ENABLE_OBJC_ARC = YES;
				CLANG_ENABLE_OBJC_WEAK = YES;
				CLANG_WARN_BLOCK_CAPTURE_AUTORELEASING = YES;
				CLANG_WARN_BOOL_CONVERSION = YES;
				CLANG_WARN_COMMA = YES;
				CLANG_WARN_CONSTANT_CONVERSION = YES;
				CLANG_WARN_DEPRECATED_OBJC_IMPLEMENTATIONS = YES;
				CLANG_WARN_DIRECT_OBJC_ISA_USAGE = YES_ERROR;
				CLANG_WARN_DOCUMENTATION_COMMENTS = YES;
				CLANG_WARN_EMPTY_BODY = YES;
				CLANG_WARN_ENUM_CONVERSION = YES;
				CLANG_WARN_INFINITE_RECURSION = YES;
				CLANG_WARN_INT_CONVERSION = YES;
				CLANG_WARN_NON_LITERAL_NULL_CONVERSION = YES;
				CLANG_WARN_OBJC_IMPLICIT_RETAIN_SELF = YES;
				CLANG_WARN_OBJC_LITERAL_CONVERSION = YES;
				CLANG_WARN_OBJC_ROOT_CLASS = YES_ERROR;
				CLANG_WARN_RANGE_LOOP_ANALYSIS = YES;
				CLANG_WARN_STRICT_PROTOTYPES = YES;
				CLANG_WARN_SUSPICIOUS_MOVE = YES;
				CLANG_WARN_UNGUARDED_AVAILABILITY = YES_AGGRESSIVE;
				CLANG_WARN_UNREACHABLE_CODE = YES;
				CLANG_WARN__DUPLICATE_METHOD_MATCH = YES;
				COPY_PHASE_STRIP = NO;
				DEBUG_INFORMATION_FORMAT = dwarf;
				ENABLE_STRICT_OBJC_MSGSEND = YES;
				ENABLE_TESTABILITY = YES;
				GCC_C_LANGUAGE_STANDARD = gnu11;
				GCC_DYNAMIC_NO_PIC = NO;
				GCC_NO_COMMON_BLOCKS = YES;
				GCC_OPTIMIZATION_LEVEL = 0;
				GCC_PREPROCESSOR_DEFINITIONS = (
					"DEBUG=1",
					"$(inherited)",
				);
				GCC_WARN_64_TO_32_BIT_CONVERSION = YES;
				GCC_WARN_ABOUT_RETURN_TYPE = YES_ERROR;
				GCC_WARN_UNDECLARED_SELECTOR = YES;
				GCC_WARN_UNINITIALIZED_AUTOS = YES_AGGRESSIVE;
				GCC_WARN_UNUSED_FUNCTION = YES;
				GCC_WARN_UNUSED_VARIABLE = YES;
				IPHONEOS_DEPLOYMENT_TARGET = 13.6;
				MTL_ENABLE_DEBUG_INFO = INCLUDE_SOURCE;
				MTL_FAST_MATH = YES;
				ONLY_ACTIVE_ARCH = YES;
				SDKROOT = iphoneos;
			};
			name = Debug;
		};
		2760614E24FFA3B10022640E /* Release */ = {
			isa = XCBuildConfiguration;
			buildSettings = {
				ALWAYS_SEARCH_USER_PATHS = NO;
				CLANG_ANALYZER_NONNULL = YES;
				CLANG_ANALYZER_NUMBER_OBJECT_CONVERSION = YES_AGGRESSIVE;
				CLANG_CXX_LANGUAGE_STANDARD = "gnu++14";
				CLANG_CXX_LIBRARY = "libc++";
				CLANG_ENABLE_MODULES = YES;
				CLANG_ENABLE_OBJC_ARC = YES;
				CLANG_ENABLE_OBJC_WEAK = YES;
				CLANG_WARN_BLOCK_CAPTURE_AUTORELEASING = YES;
				CLANG_WARN_BOOL_CONVERSION = YES;
				CLANG_WARN_COMMA = YES;
				CLANG_WARN_CONSTANT_CONVERSION = YES;
				CLANG_WARN_DEPRECATED_OBJC_IMPLEMENTATIONS = YES;
				CLANG_WARN_DIRECT_OBJC_ISA_USAGE = YES_ERROR;
				CLANG_WARN_DOCUMENTATION_COMMENTS = YES;
				CLANG_WARN_EMPTY_BODY = YES;
				CLANG_WARN_ENUM_CONVERSION = YES;
				CLANG_WARN_INFINITE_RECURSION = YES;
				CLANG_WARN_INT_CONVERSION = YES;
				CLANG_WARN_NON_LITERAL_NULL_CONVERSION = YES;
				CLANG_WARN_OBJC_IMPLICIT_RETAIN_SELF = YES;
				CLANG_WARN_OBJC_LITERAL_CONVERSION = YES;
				CLANG_WARN_OBJC_ROOT_CLASS = YES_ERROR;
				CLANG_WARN_RANGE_LOOP_ANALYSIS = YES;
				CLANG_WARN_STRICT_PROTOTYPES = YES;
				CLANG_WARN_SUSPICIOUS_MOVE = YES;
				CLANG_WARN_UNGUARDED_AVAILABILITY = YES_AGGRESSIVE;
				CLANG_WARN_UNREACHABLE_CODE = YES;
				CLANG_WARN__DUPLICATE_METHOD_MATCH = YES;
				COPY_PHASE_STRIP = NO;
				DEBUG_INFORMATION_FORMAT = "dwarf-with-dsym";
				ENABLE_NS_ASSERTIONS = NO;
				ENABLE_STRICT_OBJC_MSGSEND = YES;
				GCC_C_LANGUAGE_STANDARD = gnu11;
				GCC_NO_COMMON_BLOCKS = YES;
				GCC_WARN_64_TO_32_BIT_CONVERSION = YES;
				GCC_WARN_ABOUT_RETURN_TYPE = YES_ERROR;
				GCC_WARN_UNDECLARED_SELECTOR = YES;
				GCC_WARN_UNINITIALIZED_AUTOS = YES_AGGRESSIVE;
				GCC_WARN_UNUSED_FUNCTION = YES;
				GCC_WARN_UNUSED_VARIABLE = YES;
				IPHONEOS_DEPLOYMENT_TARGET = 13.6;
				MTL_ENABLE_DEBUG_INFO = NO;
				MTL_FAST_MATH = YES;
				SDKROOT = iphoneos;
				VALIDATE_PRODUCT = YES;
			};
			name = Release;
		};
		2760615024FFA3B10022640E /* Debug */ = {
			isa = XCBuildConfiguration;
			baseConfigurationReference = 70983EB3F7E31B4DCE97CF30 /* Pods-CollectionFlowLayoutCustom.debug.xcconfig */;
			buildSettings = {
				ASSETCATALOG_COMPILER_APPICON_NAME = AppIcon;
				CODE_SIGN_STYLE = Automatic;
				DEVELOPMENT_TEAM = MLJA65Q2JF;
				GCC_PREFIX_HEADER = "$(SRCROOT)/CollectionFlowLayoutCustom/Supporting Files/PrefixHeader.pch";
				INFOPLIST_FILE = CollectionFlowLayoutCustom/Info.plist;
				IPHONEOS_DEPLOYMENT_TARGET = 9.0;
				LD_RUNPATH_SEARCH_PATHS = (
					"$(inherited)",
					"@executable_path/Frameworks",
				);
				PRODUCT_BUNDLE_IDENTIFIER = huangxin.CollectionFlowLayoutCustom;
				PRODUCT_NAME = "$(TARGET_NAME)";
				TARGETED_DEVICE_FAMILY = "1,2";
			};
			name = Debug;
		};
		2760615124FFA3B10022640E /* Release */ = {
			isa = XCBuildConfiguration;
			baseConfigurationReference = 5BABE10AE0C726ED43F83117 /* Pods-CollectionFlowLayoutCustom.release.xcconfig */;
			buildSettings = {
				ASSETCATALOG_COMPILER_APPICON_NAME = AppIcon;
				CODE_SIGN_STYLE = Automatic;
				DEVELOPMENT_TEAM = MLJA65Q2JF;
				GCC_PREFIX_HEADER = "$(SRCROOT)/CollectionFlowLayoutCustom/Supporting Files/PrefixHeader.pch";
				INFOPLIST_FILE = CollectionFlowLayoutCustom/Info.plist;
				IPHONEOS_DEPLOYMENT_TARGET = 9.0;
				LD_RUNPATH_SEARCH_PATHS = (
					"$(inherited)",
					"@executable_path/Frameworks",
				);
				PRODUCT_BUNDLE_IDENTIFIER = huangxin.CollectionFlowLayoutCustom;
				PRODUCT_NAME = "$(TARGET_NAME)";
				TARGETED_DEVICE_FAMILY = "1,2";
			};
			name = Release;
		};
		2760615324FFA3B10022640E /* Debug */ = {
			isa = XCBuildConfiguration;
			baseConfigurationReference = 01FED615A60A13877E02643F /* Pods-CollectionFlowLayoutCustomTests.debug.xcconfig */;
			buildSettings = {
				BUNDLE_LOADER = "$(TEST_HOST)";
				CODE_SIGN_STYLE = Automatic;
				DEVELOPMENT_TEAM = MLJA65Q2JF;
				INFOPLIST_FILE = CollectionFlowLayoutCustomTests/Info.plist;
				IPHONEOS_DEPLOYMENT_TARGET = 13.6;
				LD_RUNPATH_SEARCH_PATHS = (
					"$(inherited)",
					"@executable_path/Frameworks",
					"@loader_path/Frameworks",
				);
				PRODUCT_BUNDLE_IDENTIFIER = huangxin.CollectionFlowLayoutCustomTests;
				PRODUCT_NAME = "$(TARGET_NAME)";
				TARGETED_DEVICE_FAMILY = "1,2";
				TEST_HOST = "$(BUILT_PRODUCTS_DIR)/CollectionFlowLayoutCustom.app/CollectionFlowLayoutCustom";
			};
			name = Debug;
		};
		2760615424FFA3B10022640E /* Release */ = {
			isa = XCBuildConfiguration;
			baseConfigurationReference = 06259077C8CA0741BE0F1778 /* Pods-CollectionFlowLayoutCustomTests.release.xcconfig */;
			buildSettings = {
				BUNDLE_LOADER = "$(TEST_HOST)";
				CODE_SIGN_STYLE = Automatic;
				DEVELOPMENT_TEAM = MLJA65Q2JF;
				INFOPLIST_FILE = CollectionFlowLayoutCustomTests/Info.plist;
				IPHONEOS_DEPLOYMENT_TARGET = 13.6;
				LD_RUNPATH_SEARCH_PATHS = (
					"$(inherited)",
					"@executable_path/Frameworks",
					"@loader_path/Frameworks",
				);
				PRODUCT_BUNDLE_IDENTIFIER = huangxin.CollectionFlowLayoutCustomTests;
				PRODUCT_NAME = "$(TARGET_NAME)";
				TARGETED_DEVICE_FAMILY = "1,2";
				TEST_HOST = "$(BUILT_PRODUCTS_DIR)/CollectionFlowLayoutCustom.app/CollectionFlowLayoutCustom";
			};
			name = Release;
		};
		2760615624FFA3B10022640E /* Debug */ = {
			isa = XCBuildConfiguration;
			baseConfigurationReference = 526CBA8E49729FFF88EF528D /* Pods-CollectionFlowLayoutCustom-CollectionFlowLayoutCustomUITests.debug.xcconfig */;
			buildSettings = {
				CODE_SIGN_STYLE = Automatic;
				DEVELOPMENT_TEAM = MLJA65Q2JF;
				INFOPLIST_FILE = CollectionFlowLayoutCustomUITests/Info.plist;
				LD_RUNPATH_SEARCH_PATHS = (
					"$(inherited)",
					"@executable_path/Frameworks",
					"@loader_path/Frameworks",
				);
				PRODUCT_BUNDLE_IDENTIFIER = huangxin.CollectionFlowLayoutCustomUITests;
				PRODUCT_NAME = "$(TARGET_NAME)";
				TARGETED_DEVICE_FAMILY = "1,2";
				TEST_TARGET_NAME = CollectionFlowLayoutCustom;
			};
			name = Debug;
		};
		2760615724FFA3B10022640E /* Release */ = {
			isa = XCBuildConfiguration;
			baseConfigurationReference = 3E656DFBD41DB4C05F27A377 /* Pods-CollectionFlowLayoutCustom-CollectionFlowLayoutCustomUITests.release.xcconfig */;
			buildSettings = {
				CODE_SIGN_STYLE = Automatic;
				DEVELOPMENT_TEAM = MLJA65Q2JF;
				INFOPLIST_FILE = CollectionFlowLayoutCustomUITests/Info.plist;
				LD_RUNPATH_SEARCH_PATHS = (
					"$(inherited)",
					"@executable_path/Frameworks",
					"@loader_path/Frameworks",
				);
				PRODUCT_BUNDLE_IDENTIFIER = huangxin.CollectionFlowLayoutCustomUITests;
				PRODUCT_NAME = "$(TARGET_NAME)";
				TARGETED_DEVICE_FAMILY = "1,2";
				TEST_TARGET_NAME = CollectionFlowLayoutCustom;
			};
			name = Release;
		};
/* End XCBuildConfiguration section */

/* Begin XCConfigurationList section */
		2760611B24FFA3AF0022640E /* Build configuration list for PBXProject "CollectionFlowLayoutCustom" */ = {
			isa = XCConfigurationList;
			buildConfigurations = (
				2760614D24FFA3B10022640E /* Debug */,
				2760614E24FFA3B10022640E /* Release */,
			);
			defaultConfigurationIsVisible = 0;
			defaultConfigurationName = Release;
		};
		2760614F24FFA3B10022640E /* Build configuration list for PBXNativeTarget "CollectionFlowLayoutCustom" */ = {
			isa = XCConfigurationList;
			buildConfigurations = (
				2760615024FFA3B10022640E /* Debug */,
				2760615124FFA3B10022640E /* Release */,
			);
			defaultConfigurationIsVisible = 0;
			defaultConfigurationName = Release;
		};
		2760615224FFA3B10022640E /* Build configuration list for PBXNativeTarget "CollectionFlowLayoutCustomTests" */ = {
			isa = XCConfigurationList;
			buildConfigurations = (
				2760615324FFA3B10022640E /* Debug */,
				2760615424FFA3B10022640E /* Release */,
			);
			defaultConfigurationIsVisible = 0;
			defaultConfigurationName = Release;
		};
		2760615524FFA3B10022640E /* Build configuration list for PBXNativeTarget "CollectionFlowLayoutCustomUITests" */ = {
			isa = XCConfigurationList;
			buildConfigurations = (
				2760615624FFA3B10022640E /* Debug */,
				2760615724FFA3B10022640E /* Release */,
			);
			defaultConfigurationIsVisible = 0;
			defaultConfigurationName = Release;
		};
/* End XCConfigurationList section */
	};
	rootObject = 2760611824FFA3AF0022640E /* Project object */;
}
