// !$*UTF8*$!
{
	archiveVersion = 1;
	classes = {
	};
	objectVersion = 50;
	objects = {

/* Begin PBXBuildFile section */
		2760612524FFA3AF0022640E /* AppDelegate.m in Sources */ = {isa = PBXBuildFile; fileRef = 2760612424FFA3AF0022640E /* AppDelegate.m */; };
		2760612824FFA3AF0022640E /* SceneDelegate.m in Sources */ = {isa = PBXBuildFile; fileRef = 2760612724FFA3AF0022640E /* SceneDelegate.m */; };
		2760612B24FFA3AF0022640E /* ViewController.m in Sources */ = {isa = PBXBuildFile; fileRef = 2760612A24FFA3AF0022640E /* ViewController.m */; };
		2760612E24FFA3AF0022640E /* Main.storyboard in Resources */ = {isa = PBXBuildFile; fileRef = 2760612C24FFA3AF0022640E /* Main.storyboard */; };
		2760613024FFA3B10022640E /* Assets.xcassets in Resources */ = {isa = PBXBuildFile; fileRef = 2760612F24FFA3B10022640E /* Assets.xcassets */; };
		2760613324FFA3B10022640E /* LaunchScreen.storyboard in Resources */ = {isa = PBXBuildFile; fileRef = 2760613124FFA3B10022640E /* LaunchScreen.storyboard */; };
		2760613624FFA3B10022640E /* main.m in Sources */ = {isa = PBXBuildFile; fileRef = 2760613524FFA3B10022640E /* main.m */; };
		2760614024FFA3B10022640E /* CollectionFlowLayoutCustomTests.m in Sources */ = {isa = PBXBuildFile; fileRef = 2760613F24FFA3B10022640E /* CollectionFlowLayoutCustomTests.m */; };
		2760614B24FFA3B10022640E /* CollectionFlowLayoutCustomUITests.m in Sources */ = {isa = PBXBuildFile; fileRef = 2760614A24FFA3B10022640E /* CollectionFlowLayoutCustomUITests.m */; };
/* End PBXBuildFile section */

/* Begin PBXContainerItemProxy section */
		2760613C24FFA3B10022640E /* PBXContainerItemProxy */ = {
			isa = PBXContainerItemProxy;
			containerPortal = 2760611824FFA3AF0022640E /* Project object */;
			proxyType = 1;
			remoteGlobalIDString = 2760611F24FFA3AF0022640E;
			remoteInfo = CollectionFlowLayoutCustom;
		};
		2760614724FFA3B10022640E /* PBXContainerItemProxy */ = {
			isa = PBXContainerItemProxy;
			containerPortal = 2760611824FFA3AF0022640E /* Project object */;
			proxyType = 1;
			remoteGlobalIDString = 2760611F24FFA3AF0022640E;
			remoteInfo = CollectionFlowLayoutCustom;
		};
/* End PBXContainerItemProxy section */

/* Begin PBXFileReference section */
		2760612024FFA3AF0022640E /* CollectionFlowLayoutCustom.app */ = {isa = PBXFileReference; explicitFileType = wrapper.application; includeInIndex = 0; path = CollectionFlowLayoutCustom.app; sourceTree = BUILT_PRODUCTS_DIR; };
		2760612324FFA3AF0022640E /* AppDelegate.h */ = {isa = PBXFileReference; lastKnownFileType = sourcecode.c.h; path = AppDelegate.h; sourceTree = "<group>"; };
		2760612424FFA3AF0022640E /* AppDelegate.m */ = {isa = PBXFileReference; lastKnownFileType = sourcecode.c.objc; path = AppDelegate.m; sourceTree = "<group>"; };
		2760612624FFA3AF0022640E /* SceneDelegate.h */ = {isa = PBXFileReference; lastKnownFileType = sourcecode.c.h; path = SceneDelegate.h; sourceTree = "<group>"; };
		2760612724FFA3AF0022640E /* SceneDelegate.m */ = {isa = PBXFileReference; lastKnownFileType = sourcecode.c.objc; path = SceneDelegate.m; sourceTree = "<group>"; };
		2760612924FFA3AF0022640E /* ViewController.h */ = {isa = PBXFileReference; lastKnownFileType = sourcecode.c.h; path = ViewController.h; sourceTree = "<group>"; };
		2760612A24FFA3AF0022640E /* ViewController.m */ = {isa = PBXFileReference; lastKnownFileType = sourcecode.c.objc; path = ViewController.m; sourceTree = "<group>"; };
		2760612D24FFA3AF0022640E /* Base */ = {isa = PBXFileReference; lastKnownFileType = file.storyboard; name = Base; path = Base.lproj/Main.storyboard; sourceTree = "<group>"; };
		2760612F24FFA3B10022640E /* Assets.xcassets */ = {isa = PBXFileReference; lastKnownFileType = folder.assetcatalog; path = Assets.xcassets; sourceTree = "<group>"; };
		2760613224FFA3B10022640E /* Base */ = {isa = PBXFileReference; lastKnownFileType = file.storyboard; name = Base; path = Base.lproj/LaunchScreen.storyboard; sourceTree = "<group>"; };
		2760613424FFA3B10022640E /* Info.plist */ = {isa = PBXFileReference; lastKnownFileType = text.plist.xml; path = Info.plist; sourceTree = "<group>"; };
		2760613524FFA3B10022640E /* main.m */ = {isa = PBXFileReference; lastKnownFileType = sourcecode.c.objc; path = main.m; sourceTree = "<group>"; };
		2760613B24FFA3B10022640E /* CollectionFlowLayoutCustomTests.xctest */ = {isa = PBXFileReference; explicitFileType = wrapper.cfbundle; includeInIndex = 0; path = CollectionFlowLayoutCustomTests.xctest; sourceTree = BUILT_PRODUCTS_DIR; };
		2760613F24FFA3B10022640E /* CollectionFlowLayoutCustomTests.m */ = {isa = PBXFileReference; lastKnownFileType = sourcecode.c.objc; path = CollectionFlowLayoutCustomTests.m; sourceTree = "<group>"; };
		2760614124FFA3B10022640E /* Info.plist */ = {isa = PBXFileReference; lastKnownFileType = text.plist.xml; path = Info.plist; sourceTree = "<group>"; };
		2760614624FFA3B10022640E /* CollectionFlowLayoutCustomUITests.xctest */ = {isa = PBXFileReference; explicitFileType = wrapper.cfbundle; includeInIndex = 0; path = CollectionFlowLayoutCustomUITests.xctest; sourceTree = BUILT_PRODUCTS_DIR; };
		2760614A24FFA3B10022640E /* CollectionFlowLayoutCustomUITests.m */ = {isa = PBXFileReference; lastKnownFileType = sourcecode.c.objc; path = CollectionFlowLayoutCustomUITests.m; sourceTree = "<group>"; };
		2760614C24FFA3B10022640E /* Info.plist */ = {isa = PBXFileReference; lastKnownFileType = text.plist.xml; path = Info.plist; sourceTree = "<group>"; };
/* End PBXFileReference section */

/* Begin PBXFrameworksBuildPhase section */
		2760611D24FFA3AF0022640E /* Frameworks */ = {
			isa = PBXFrameworksBuildPhase;
			buildActionMask = 2147483647;
			files = (
			);
			runOnlyForDeploymentPostprocessing = 0;
		};
		2760613824FFA3B10022640E /* Frameworks */ = {
			isa = PBXFrameworksBuildPhase;
			buildActionMask = 2147483647;
			files = (
			);
			runOnlyForDeploymentPostprocessing = 0;
		};
		2760614324FFA3B10022640E /* Frameworks */ = {
			isa = PBXFrameworksBuildPhase;
			buildActionMask = 2147483647;
			files = (
			);
			runOnlyForDeploymentPostprocessing = 0;
		};
/* End PBXFrameworksBuildPhase section */

/* Begin PBXGroup section */
		2760611724FFA3AF0022640E = {
			isa = PBXGroup;
			children = (
				2760612224FFA3AF0022640E /* CollectionFlowLayoutCustom */,
				2760613E24FFA3B10022640E /* CollectionFlowLayoutCustomTests */,
				2760614924FFA3B10022640E /* CollectionFlowLayoutCustomUITests */,
				2760612124FFA3AF0022640E /* Products */,
			);
			sourceTree = "<group>";
		};
		2760612124FFA3AF0022640E /* Products */ = {
			isa = PBXGroup;
			children = (
				2760612024FFA3AF0022640E /* CollectionFlowLayoutCustom.app */,
				2760613B24FFA3B10022640E /* CollectionFlowLayoutCustomTests.xctest */,
				2760614624FFA3B10022640E /* CollectionFlowLayoutCustomUITests.xctest */,
			);
			name = Products;
			sourceTree = "<group>";
		};
		2760612224FFA3AF0022640E /* CollectionFlowLayoutCustom */ = {
			isa = PBXGroup;
			children = (
				2760612324FFA3AF0022640E /* AppDelegate.h */,
				2760612424FFA3AF0022640E /* AppDelegate.m */,
				2760612624FFA3AF0022640E /* SceneDelegate.h */,
				2760612724FFA3AF0022640E /* SceneDelegate.m */,
				2760612924FFA3AF0022640E /* ViewController.h */,
				2760612A24FFA3AF0022640E /* ViewController.m */,
				2760612C24FFA3AF0022640E /* Main.storyboard */,
				2760612F24FFA3B10022640E /* Assets.xcassets */,
				2760613124FFA3B10022640E /* LaunchScreen.storyboard */,
				2760613424FFA3B10022640E /* Info.plist */,
				2760613524FFA3B10022640E /* main.m */,
			);
			path = CollectionFlowLayoutCustom;
			sourceTree = "<group>";
		};
		2760613E24FFA3B10022640E /* CollectionFlowLayoutCustomTests */ = {
			isa = PBXGroup;
			children = (
				2760613F24FFA3B10022640E /* CollectionFlowLayoutCustomTests.m */,
				2760614124FFA3B10022640E /* Info.plist */,
			);
			path = CollectionFlowLayoutCustomTests;
			sourceTree = "<group>";
		};
		2760614924FFA3B10022640E /* CollectionFlowLayoutCustomUITests */ = {
			isa = PBXGroup;
			children = (
				2760614A24FFA3B10022640E /* CollectionFlowLayoutCustomUITests.m */,
				2760614C24FFA3B10022640E /* Info.plist */,
			);
			path = CollectionFlowLayoutCustomUITests;
			sourceTree = "<group>";
		};
/* End PBXGroup section */

/* Begin PBXNativeTarget section */
		2760611F24FFA3AF0022640E /* CollectionFlowLayoutCustom */ = {
			isa = PBXNativeTarget;
			buildConfigurationList = 2760614F24FFA3B10022640E /* Build configuration list for PBXNativeTarget "CollectionFlowLayoutCustom" */;
			buildPhases = (
				2760611C24FFA3AF0022640E /* Sources */,
				2760611D24FFA3AF0022640E /* Frameworks */,
				2760611E24FFA3AF0022640E /* Resources */,
			);
			buildRules = (
			);
			dependencies = (
			);
			name = CollectionFlowLayoutCustom;
			productName = CollectionFlowLayoutCustom;
			productReference = 2760612024FFA3AF0022640E /* CollectionFlowLayoutCustom.app */;
			productType = "com.apple.product-type.application";
		};
		2760613A24FFA3B10022640E /* CollectionFlowLayoutCustomTests */ = {
			isa = PBXNativeTarget;
			buildConfigurationList = 2760615224FFA3B10022640E /* Build configuration list for PBXNativeTarget "CollectionFlowLayoutCustomTests" */;
			buildPhases = (
				2760613724FFA3B10022640E /* Sources */,
				2760613824FFA3B10022640E /* Frameworks */,
				2760613924FFA3B10022640E /* Resources */,
			);
			buildRules = (
			);
			dependencies = (
				2760613D24FFA3B10022640E /* PBXTargetDependency */,
			);
			name = CollectionFlowLayoutCustomTests;
			productName = CollectionFlowLayoutCustomTests;
			productReference = 2760613B24FFA3B10022640E /* CollectionFlowLayoutCustomTests.xctest */;
			productType = "com.apple.product-type.bundle.unit-test";
		};
		2760614524FFA3B10022640E /* CollectionFlowLayoutCustomUITests */ = {
			isa = PBXNativeTarget;
			buildConfigurationList = 2760615524FFA3B10022640E /* Build configuration list for PBXNativeTarget "CollectionFlowLayoutCustomUITests" */;
			buildPhases = (
				2760614224FFA3B10022640E /* Sources */,
				2760614324FFA3B10022640E /* Frameworks */,
				2760614424FFA3B10022640E /* Resources */,
			);
			buildRules = (
			);
			dependencies = (
				2760614824FFA3B10022640E /* PBXTargetDependency */,
			);
			name = CollectionFlowLayoutCustomUITests;
			productName = CollectionFlowLayoutCustomUITests;
			productReference = 2760614624FFA3B10022640E /* CollectionFlowLayoutCustomUITests.xctest */;
			productType = "com.apple.product-type.bundle.ui-testing";
		};
/* End PBXNativeTarget section */

/* Begin PBXProject section */
		2760611824FFA3AF0022640E /* Project object */ = {
			isa = PBXProject;
			attributes = {
				LastUpgradeCheck = 1160;
				ORGANIZATIONNAME = huangxin;
				TargetAttributes = {
					2760611F24FFA3AF0022640E = {
						CreatedOnToolsVersion = 11.6;
					};
					2760613A24FFA3B10022640E = {
						CreatedOnToolsVersion = 11.6;
						TestTargetID = 2760611F24FFA3AF0022640E;
					};
					2760614524FFA3B10022640E = {
						CreatedOnToolsVersion = 11.6;
						TestTargetID = 2760611F24FFA3AF0022640E;
					};
				};
			};
			buildConfigurationList = 2760611B24FFA3AF0022640E /* Build configuration list for PBXProject "CollectionFlowLayoutCustom" */;
			compatibilityVersion = "Xcode 9.3";
			developmentRegion = en;
			hasScannedForEncodings = 0;
			knownRegions = (
				en,
				Base,
			);
			mainGroup = 2760611724FFA3AF0022640E;
			productRefGroup = 2760612124FFA3AF0022640E /* Products */;
			projectDirPath = "";
			projectRoot = "";
			targets = (
				2760611F24FFA3AF0022640E /* CollectionFlowLayoutCustom */,
				2760613A24FFA3B10022640E /* CollectionFlowLayoutCustomTests */,
				2760614524FFA3B10022640E /* CollectionFlowLayoutCustomUITests */,
			);
		};
/* End PBXProject section */

/* Begin PBXResourcesBuildPhase section */
		2760611E24FFA3AF0022640E /* Resources */ = {
			isa = PBXResourcesBuildPhase;
			buildActionMask = 2147483647;
			files = (
				2760613324FFA3B10022640E /* LaunchScreen.storyboard in Resources */,
				2760613024FFA3B10022640E /* Assets.xcassets in Resources */,
				2760612E24FFA3AF0022640E /* Main.storyboard in Resources */,
			);
			runOnlyForDeploymentPostprocessing = 0;
		};
		2760613924FFA3B10022640E /* Resources */ = {
			isa = PBXResourcesBuildPhase;
			buildActionMask = 2147483647;
			files = (
			);
			runOnlyForDeploymentPostprocessing = 0;
		};
		2760614424FFA3B10022640E /* Resources */ = {
			isa = PBXResourcesBuildPhase;
			buildActionMask = 2147483647;
			files = (
			);
			runOnlyForDeploymentPostprocessing = 0;
		};
/* End PBXResourcesBuildPhase section */

/* Begin PBXSourcesBuildPhase section */
		2760611C24FFA3AF0022640E /* Sources */ = {
			isa = PBXSourcesBuildPhase;
			buildActionMask = 2147483647;
			files = (
				2760612B24FFA3AF0022640E /* ViewController.m in Sources */,
				2760612524FFA3AF0022640E /* AppDelegate.m in Sources */,
				2760613624FFA3B10022640E /* main.m in Sources */,
				2760612824FFA3AF0022640E /* SceneDelegate.m in Sources */,
			);
			runOnlyForDeploymentPostprocessing = 0;
		};
		2760613724FFA3B10022640E /* Sources */ = {
			isa = PBXSourcesBuildPhase;
			buildActionMask = 2147483647;
			files = (
				2760614024FFA3B10022640E /* CollectionFlowLayoutCustomTests.m in Sources */,
			);
			runOnlyForDeploymentPostprocessing = 0;
		};
		2760614224FFA3B10022640E /* Sources */ = {
			isa = PBXSourcesBuildPhase;
			buildActionMask = 2147483647;
			files = (
				2760614B24FFA3B10022640E /* CollectionFlowLayoutCustomUITests.m in Sources */,
			);
			runOnlyForDeploymentPostprocessing = 0;
		};
/* End PBXSourcesBuildPhase section */

/* Begin PBXTargetDependency section */
		2760613D24FFA3B10022640E /* PBXTargetDependency */ = {
			isa = PBXTargetDependency;
			target = 2760611F24FFA3AF0022640E /* CollectionFlowLayoutCustom */;
			targetProxy = 2760613C24FFA3B10022640E /* PBXContainerItemProxy */;
		};
		2760614824FFA3B10022640E /* PBXTargetDependency */ = {
			isa = PBXTargetDependency;
			target = 2760611F24FFA3AF0022640E /* CollectionFlowLayoutCustom */;
			targetProxy = 2760614724FFA3B10022640E /* PBXContainerItemProxy */;
		};
/* End PBXTargetDependency section */

/* Begin PBXVariantGroup section */
		2760612C24FFA3AF0022640E /* Main.storyboard */ = {
			isa = PBXVariantGroup;
			children = (
				2760612D24FFA3AF0022640E /* Base */,
			);
			name = Main.storyboard;
			sourceTree = "<group>";
		};
		2760613124FFA3B10022640E /* LaunchScreen.storyboard */ = {
			isa = PBXVariantGroup;
			children = (
				2760613224FFA3B10022640E /* Base */,
			);
			name = LaunchScreen.storyboard;
			sourceTree = "<group>";
		};
/* End PBXVariantGroup section */

/* Begin XCBuildConfiguration section */
		2760614D24FFA3B10022640E /* Debug */ = {
			isa = XCBuildConfiguration;
			buildSettings = {
				ALWAYS_SEARCH_USER_PATHS = NO;
				CLANG_ANALYZER_NONNULL = YES;
				CLANG_ANALYZER_NUMBER_OBJECT_CONVERSION = YES_AGGRESSIVE;
				CLANG_CXX_LANGUAGE_STANDARD = "gnu++14";
				CLANG_CXX_LIBRARY = "libc++";
				CLANG_ENABLE_MODULES = YES;
				CLANG_ENABLE_OBJC_ARC = YES;
				CLANG_ENABLE_OBJC_WEAK = YES;
				CLANG_WARN_BLOCK_CAPTURE_AUTORELEASING = YES;
				CLANG_WARN_BOOL_CONVERSION = YES;
				CLANG_WARN_COMMA = YES;
				CLANG_WARN_CONSTANT_CONVERSION = YES;
				CLANG_WARN_DEPRECATED_OBJC_IMPLEMENTATIONS = YES;
				CLANG_WARN_DIRECT_OBJC_ISA_USAGE = YES_ERROR;
				CLANG_WARN_DOCUMENTATION_COMMENTS = YES;
				CLANG_WARN_EMPTY_BODY = YES;
				CLANG_WARN_ENUM_CONVERSION = YES;
				CLANG_WARN_INFINITE_RECURSION = YES;
				CLANG_WARN_INT_CONVERSION = YES;
				CLANG_WARN_NON_LITERAL_NULL_CONVERSION = YES;
				CLANG_WARN_OBJC_IMPLICIT_RETAIN_SELF = YES;
				CLANG_WARN_OBJC_LITERAL_CONVERSION = YES;
				CLANG_WARN_OBJC_ROOT_CLASS = YES_ERROR;
				CLANG_WARN_RANGE_LOOP_ANALYSIS = YES;
				CLANG_WARN_STRICT_PROTOTYPES = YES;
				CLANG_WARN_SUSPICIOUS_MOVE = YES;
				CLANG_WARN_UNGUARDED_AVAILABILITY = YES_AGGRESSIVE;
				CLANG_WARN_UNREACHABLE_CODE = YES;
				CLANG_WARN__DUPLICATE_METHOD_MATCH = YES;
				COPY_PHASE_STRIP = NO;
				DEBUG_INFORMATION_FORMAT = dwarf;
				ENABLE_STRICT_OBJC_MSGSEND = YES;
				ENABLE_TESTABILITY = YES;
				GCC_C_LANGUAGE_STANDARD = gnu11;
				GCC_DYNAMIC_NO_PIC = NO;
				GCC_NO_COMMON_BLOCKS = YES;
				GCC_OPTIMIZATION_LEVEL = 0;
				GCC_PREPROCESSOR_DEFINITIONS = (
					"DEBUG=1",
					"$(inherited)",
				);
				GCC_WARN_64_TO_32_BIT_CONVERSION = YES;
				GCC_WARN_ABOUT_RETURN_TYPE = YES_ERROR;
				GCC_WARN_UNDECLARED_SELECTOR = YES;
				GCC_WARN_UNINITIALIZED_AUTOS = YES_AGGRESSIVE;
				GCC_WARN_UNUSED_FUNCTION = YES;
				GCC_WARN_UNUSED_VARIABLE = YES;
				IPHONEOS_DEPLOYMENT_TARGET = 13.6;
				MTL_ENABLE_DEBUG_INFO = INCLUDE_SOURCE;
				MTL_FAST_MATH = YES;
				ONLY_ACTIVE_ARCH = YES;
				SDKROOT = iphoneos;
			};
			name = Debug;
		};
		2760614E24FFA3B10022640E /* Release */ = {
			isa = XCBuildConfiguration;
			buildSettings = {
				ALWAYS_SEARCH_USER_PATHS = NO;
				CLANG_ANALYZER_NONNULL = YES;
				CLANG_ANALYZER_NUMBER_OBJECT_CONVERSION = YES_AGGRESSIVE;
				CLANG_CXX_LANGUAGE_STANDARD = "gnu++14";
				CLANG_CXX_LIBRARY = "libc++";
				CLANG_ENABLE_MODULES = YES;
				CLANG_ENABLE_OBJC_ARC = YES;
				CLANG_ENABLE_OBJC_WEAK = YES;
				CLANG_WARN_BLOCK_CAPTURE_AUTORELEASING = YES;
				CLANG_WARN_BOOL_CONVERSION = YES;
				CLANG_WARN_COMMA = YES;
				CLANG_WARN_CONSTANT_CONVERSION = YES;
				CLANG_WARN_DEPRECATED_OBJC_IMPLEMENTATIONS = YES;
				CLANG_WARN_DIRECT_OBJC_ISA_USAGE = YES_ERROR;
				CLANG_WARN_DOCUMENTATION_COMMENTS = YES;
				CLANG_WARN_EMPTY_BODY = YES;
				CLANG_WARN_ENUM_CONVERSION = YES;
				CLANG_WARN_INFINITE_RECURSION = YES;
				CLANG_WARN_INT_CONVERSION = YES;
				CLANG_WARN_NON_LITERAL_NULL_CONVERSION = YES;
				CLANG_WARN_OBJC_IMPLICIT_RETAIN_SELF = YES;
				CLANG_WARN_OBJC_LITERAL_CONVERSION = YES;
				CLANG_WARN_OBJC_ROOT_CLASS = YES_ERROR;
				CLANG_WARN_RANGE_LOOP_ANALYSIS = YES;
				CLANG_WARN_STRICT_PROTOTYPES = YES;
				CLANG_WARN_SUSPICIOUS_MOVE = YES;
				CLANG_WARN_UNGUARDED_AVAILABILITY = YES_AGGRESSIVE;
				CLANG_WARN_UNREACHABLE_CODE = YES;
				CLANG_WARN__DUPLICATE_METHOD_MATCH = YES;
				COPY_PHASE_STRIP = NO;
				DEBUG_INFORMATION_FORMAT = "dwarf-with-dsym";
				ENABLE_NS_ASSERTIONS = NO;
				ENABLE_STRICT_OBJC_MSGSEND = YES;
				GCC_C_LANGUAGE_STANDARD = gnu11;
				GCC_NO_COMMON_BLOCKS = YES;
				GCC_WARN_64_TO_32_BIT_CONVERSION = YES;
				GCC_WARN_ABOUT_RETURN_TYPE = YES_ERROR;
				GCC_WARN_UNDECLARED_SELECTOR = YES;
				GCC_WARN_UNINITIALIZED_AUTOS = YES_AGGRESSIVE;
				GCC_WARN_UNUSED_FUNCTION = YES;
				GCC_WARN_UNUSED_VARIABLE = YES;
				IPHONEOS_DEPLOYMENT_TARGET = 13.6;
				MTL_ENABLE_DEBUG_INFO = NO;
				MTL_FAST_MATH = YES;
				SDKROOT = iphoneos;
				VALIDATE_PRODUCT = YES;
			};
			name = Release;
		};
		2760615024FFA3B10022640E /* Debug */ = {
			isa = XCBuildConfiguration;
			buildSettings = {
				ASSETCATALOG_COMPILER_APPICON_NAME = AppIcon;
				CODE_SIGN_STYLE = Automatic;
				DEVELOPMENT_TEAM = MLJA65Q2JF;
				INFOPLIST_FILE = CollectionFlowLayoutCustom/Info.plist;
				LD_RUNPATH_SEARCH_PATHS = (
					"$(inherited)",
					"@executable_path/Frameworks",
				);
				PRODUCT_BUNDLE_IDENTIFIER = huangxin.CollectionFlowLayoutCustom;
				PRODUCT_NAME = "$(TARGET_NAME)";
				TARGETED_DEVICE_FAMILY = "1,2";
			};
			name = Debug;
		};
		2760615124FFA3B10022640E /* Release */ = {
			isa = XCBuildConfiguration;
			buildSettings = {
				ASSETCATALOG_COMPILER_APPICON_NAME = AppIcon;
				CODE_SIGN_STYLE = Automatic;
				DEVELOPMENT_TEAM = MLJA65Q2JF;
				INFOPLIST_FILE = CollectionFlowLayoutCustom/Info.plist;
				LD_RUNPATH_SEARCH_PATHS = (
					"$(inherited)",
					"@executable_path/Frameworks",
				);
				PRODUCT_BUNDLE_IDENTIFIER = huangxin.CollectionFlowLayoutCustom;
				PRODUCT_NAME = "$(TARGET_NAME)";
				TARGETED_DEVICE_FAMILY = "1,2";
			};
			name = Release;
		};
		2760615324FFA3B10022640E /* Debug */ = {
			isa = XCBuildConfiguration;
			buildSettings = {
				BUNDLE_LOADER = "$(TEST_HOST)";
				CODE_SIGN_STYLE = Automatic;
				DEVELOPMENT_TEAM = MLJA65Q2JF;
				INFOPLIST_FILE = CollectionFlowLayoutCustomTests/Info.plist;
				IPHONEOS_DEPLOYMENT_TARGET = 13.6;
				LD_RUNPATH_SEARCH_PATHS = (
					"$(inherited)",
					"@executable_path/Frameworks",
					"@loader_path/Frameworks",
				);
				PRODUCT_BUNDLE_IDENTIFIER = huangxin.CollectionFlowLayoutCustomTests;
				PRODUCT_NAME = "$(TARGET_NAME)";
				TARGETED_DEVICE_FAMILY = "1,2";
				TEST_HOST = "$(BUILT_PRODUCTS_DIR)/CollectionFlowLayoutCustom.app/CollectionFlowLayoutCustom";
			};
			name = Debug;
		};
		2760615424FFA3B10022640E /* Release */ = {
			isa = XCBuildConfiguration;
			buildSettings = {
				BUNDLE_LOADER = "$(TEST_HOST)";
				CODE_SIGN_STYLE = Automatic;
				DEVELOPMENT_TEAM = MLJA65Q2JF;
				INFOPLIST_FILE = CollectionFlowLayoutCustomTests/Info.plist;
				IPHONEOS_DEPLOYMENT_TARGET = 13.6;
				LD_RUNPATH_SEARCH_PATHS = (
					"$(inherited)",
					"@executable_path/Frameworks",
					"@loader_path/Frameworks",
				);
				PRODUCT_BUNDLE_IDENTIFIER = huangxin.CollectionFlowLayoutCustomTests;
				PRODUCT_NAME = "$(TARGET_NAME)";
				TARGETED_DEVICE_FAMILY = "1,2";
				TEST_HOST = "$(BUILT_PRODUCTS_DIR)/CollectionFlowLayoutCustom.app/CollectionFlowLayoutCustom";
			};
			name = Release;
		};
		2760615624FFA3B10022640E /* Debug */ = {
			isa = XCBuildConfiguration;
			buildSettings = {
				CODE_SIGN_STYLE = Automatic;
				DEVELOPMENT_TEAM = MLJA65Q2JF;
				INFOPLIST_FILE = CollectionFlowLayoutCustomUITests/Info.plist;
				LD_RUNPATH_SEARCH_PATHS = (
					"$(inherited)",
					"@executable_path/Frameworks",
					"@loader_path/Frameworks",
				);
				PRODUCT_BUNDLE_IDENTIFIER = huangxin.CollectionFlowLayoutCustomUITests;
				PRODUCT_NAME = "$(TARGET_NAME)";
				TARGETED_DEVICE_FAMILY = "1,2";
				TEST_TARGET_NAME = CollectionFlowLayoutCustom;
			};
			name = Debug;
		};
		2760615724FFA3B10022640E /* Release */ = {
			isa = XCBuildConfiguration;
			buildSettings = {
				CODE_SIGN_STYLE = Automatic;
				DEVELOPMENT_TEAM = MLJA65Q2JF;
				INFOPLIST_FILE = CollectionFlowLayoutCustomUITests/Info.plist;
				LD_RUNPATH_SEARCH_PATHS = (
					"$(inherited)",
					"@executable_path/Frameworks",
					"@loader_path/Frameworks",
				);
				PRODUCT_BUNDLE_IDENTIFIER = huangxin.CollectionFlowLayoutCustomUITests;
				PRODUCT_NAME = "$(TARGET_NAME)";
				TARGETED_DEVICE_FAMILY = "1,2";
				TEST_TARGET_NAME = CollectionFlowLayoutCustom;
			};
			name = Release;
		};
/* End XCBuildConfiguration section */

/* Begin XCConfigurationList section */
		2760611B24FFA3AF0022640E /* Build configuration list for PBXProject "CollectionFlowLayoutCustom" */ = {
			isa = XCConfigurationList;
			buildConfigurations = (
				2760614D24FFA3B10022640E /* Debug */,
				2760614E24FFA3B10022640E /* Release */,
			);
			defaultConfigurationIsVisible = 0;
			defaultConfigurationName = Release;
		};
		2760614F24FFA3B10022640E /* Build configuration list for PBXNativeTarget "CollectionFlowLayoutCustom" */ = {
			isa = XCConfigurationList;
			buildConfigurations = (
				2760615024FFA3B10022640E /* Debug */,
				2760615124FFA3B10022640E /* Release */,
			);
			defaultConfigurationIsVisible = 0;
			defaultConfigurationName = Release;
		};
		2760615224FFA3B10022640E /* Build configuration list for PBXNativeTarget "CollectionFlowLayoutCustomTests" */ = {
			isa = XCConfigurationList;
			buildConfigurations = (
				2760615324FFA3B10022640E /* Debug */,
				2760615424FFA3B10022640E /* Release */,
			);
			defaultConfigurationIsVisible = 0;
			defaultConfigurationName = Release;
		};
		2760615524FFA3B10022640E /* Build configuration list for PBXNativeTarget "CollectionFlowLayoutCustomUITests" */ = {
			isa = XCConfigurationList;
			buildConfigurations = (
				2760615624FFA3B10022640E /* Debug */,
				2760615724FFA3B10022640E /* Release */,
			);
			defaultConfigurationIsVisible = 0;
			defaultConfigurationName = Release;
		};
/* End XCConfigurationList section */
	};
	rootObject = 2760611824FFA3AF0022640E /* Project object */;
}
